
Microsoft Visual Studio Solution File, Format Version 12.00
# Visual Studio Version 17
VisualStudioVersion = 17.0.32014.148
MinimumVisualStudioVersion = 10.0.40219.1
Project("{FAE04EC0-301F-11D3-BF4B-00C04F79EFBC}") = "Screws", "Screws.csproj", "{9E5F14D3-47A2-4730-90BD-F1BA5C7FCD82}"
EndProject
Global
	GlobalSection(SolutionConfigurationPlatforms) = preSolution
		Debug|Any CPU = Debug|Any CPU
		Release|Any CPU = Release|Any CPU
	EndGlobalSection
	GlobalSection(ProjectConfigurationPlatforms) = postSolution
		{9E5F14D3-47A2-4730-90BD-F1BA5C7FCD82}.Debug|Any CPU.ActiveCfg = Debug|Any CPU
		{9E5F14D3-47A2-4730-90BD-F1BA5C7FCD82}.Debug|Any CPU.Build.0 = Debug|Any CPU
		{9E5F14D3-47A2-4730-90BD-F1BA5C7FCD82}.Release|Any CPU.ActiveCfg = Release|Any CPU
		{9E5F14D3-47A2-4730-90BD-F1BA5C7FCD82}.Release|Any CPU.Build.0 = Release|Any CPU
	EndGlobalSection
	GlobalSection(SolutionProperties) = preSolution
		HideSolutionNode = FALSE
	EndGlobalSection
	GlobalSection(ExtensibilityGlobals) = postSolution
		SolutionGuid = {683A4786-931B-437F-BE5B-9AB3BF383CFD}
	EndGlobalSection
EndGlobal
